6bac2a01979e210d9eac1d4d56747ec709ea60654744d66705dc3c36e7629e50 ca-certificates_20260601~24.04.1_all.deb ca-certificates 20260601~24.04.1
9df0579cd298a1f2b7a40efd519c849745aecd193a09733cf4d1032284a62bbf fontconfig-config_2.15.0-1.1ubuntu2_amd64.deb fontconfig-config 2.15.0-1.1ubuntu2
40049660c194f3b8a2541fc7369efebb10e9f94bdac836a2f38fafedd10fa73a fonts-dejavu-core_2.37-8_all.deb fonts-dejavu-core 2.37-8
8a599d6553307db7ecb795d2f0e5a301e03234afc75c7358b0ba43466454c89a fonts-dejavu-mono_2.37-8_all.deb fonts-dejavu-mono 2.37-8
74492419b8fda803774b8c9acef6afc5d2f9ff31782635aae212906adae7b277 libbrotli1_1.1.0-2build2_amd64.deb libbrotli1 1.1.0-2build2
f3857b0863ac5cfd4263e9bf6cfb1d4be88d5321e4070d5bc2b62b0949e6c86f libbsd0_0.12.1-1build1.1_amd64.deb libbsd0 0.12.1-1build1.1
96950b306889ff6e4248bb937b0a3b56e72dacf643fe732214ce375f0f6bbb36 libcairo2_1.18.0-3build1_amd64.deb libcairo2 1.18.0-3build1
494b8e672f722130c6bca6a7bc4cc31a43ca891a31d60d868bfdd699a3c20b13 libexpat1_2.6.1-2ubuntu0.6_amd64.deb libexpat1 2.6.1-2ubuntu0.6
a2bc05cfef021fdb84285036f98eda5ebec3c4b7a378f5aa2bdba5c4d3d8d586 libfontconfig1_2.15.0-1.1ubuntu2_amd64.deb libfontconfig1 2.15.0-1.1ubuntu2
f6937fd8a77e83001dcfd3857d5a5cfbd4caaeb297c7fdb71ec50514843e48af libfreetype6_2.13.2+dfsg-1ubuntu0.1_amd64.deb libfreetype6 2.13.2+dfsg-1ubuntu0.1
f68b5b23bc8a1688fb787d2aed7e2cdf895a73022f6a5025e183162dac4500b2 libjpeg-turbo8_2.1.5-2ubuntu2_amd64.deb libjpeg-turbo8 2.1.5-2ubuntu2
4d6ed682972bddf62af158a06d68a0dda497e421423b7ca92fb450b3d9ceaac9 libjpeg8_8c-2ubuntu11_amd64.deb libjpeg8 8c-2ubuntu11
e0d13be155013138b8db4cfe68212b866080af661c78302c2eab0d2f9d0d454e liblzo2-2_2.10-2build4_amd64.deb liblzo2-2 2.10-2build4
07c0b662e054c10695195af7692f14c191c34c1eac3f1d60171b89c25a9c1923 libossp-uuid16_1.6.2-1.5build13_amd64.deb libossp-uuid16 1.6.2-1.5build13
d9c2931c4c424615eeab9dd5ae08bfc608b84e803c1d3ccddf319270db213421 libpixman-1-0_0.42.2-1build1_amd64.deb libpixman-1-0 0.42.2-1build1
ac0163f58b8aa52dfdd17cdc10a83f3db084cb91a62686023f5c983d6ff89f8b libpng16-16t64_1.6.43-5ubuntu0.6_amd64.deb libpng16-16t64 1.6.43-5ubuntu0.6
eda097f98dcb3a08b9ce157d6191d140e4885c1cba47b683c94b8ca45e88f458 libsasl2-2_2.1.28+dfsg1-5ubuntu3.1_amd64.deb libsasl2-2 2.1.28+dfsg1-5ubuntu3.1
1f13548b1774cd9c70c50b8c3267204a101334a4d2f979338896ba5a4c6f81b8 libsasl2-modules-db_2.1.28+dfsg1-5ubuntu3.1_amd64.deb libsasl2-modules-db 2.1.28+dfsg1-5ubuntu3.1
4e1763494e5b9d34192313aa88e38201fc67b3f13ea96ca268d26401a3002791 libsharpyuv0_1.3.2-0.4build3_amd64.deb libsharpyuv0 1.3.2-0.4build3
219f43b1cd836a4da550938db5fda93160d269d39a4edcf1f1ce698a470db797 libssl3t64_3.0.13-0ubuntu3.16_amd64.deb libssl3t64 3.0.13-0ubuntu3.16
87a569c0c4764edd7571eaf4bdb4977dd2b88a1d99ef1cd22625ee6db6dee3ad libvncclient1_0.9.14+dfsg-1ubuntu0.2_amd64.deb libvncclient1 0.9.14+dfsg-1ubuntu0.2
c86f6439f0bbc531f7199794654231f3b29327d6585958511b958795d51c2484 libwebp7_1.3.2-0.4build3_amd64.deb libwebp7 1.3.2-0.4build3
397f84347476a3c5786b39f3ff6f0f82866eb3d8be6d2ad3efeadf019efe5b80 libx11-6_2%3a1.8.7-1build1_amd64.deb libx11-6 2:1.8.7-1build1
9ae01f7747e7f479394c697c55acf11d3baf139e8e54b7c4adfb55ef9c50de08 libx11-data_2%3a1.8.7-1build1_all.deb libx11-data 2:1.8.7-1build1
e40d29f1d1a62393bacaedebe0da3d9006084152a9f7e5e029293f08ce1c5c80 libxau6_1%3a1.0.9-1build6_amd64.deb libxau6 1:1.0.9-1build6
7d83a0668b1a693b5ea2e496206e8371fb6beda4c54a2b4b3902005915c272c5 libxcb-render0_1.15-1ubuntu2_amd64.deb libxcb-render0 1.15-1ubuntu2
229d1280d459f1ba44c22939d3f9b61d9d20932d9a646b3fe4ce50be4cdf2325 libxcb-shm0_1.15-1ubuntu2_amd64.deb libxcb-shm0 1.15-1ubuntu2
e1c6611d11ad7398326f1bf028afc34c3b14c51d917a3426b966ed4b9687fa58 libxcb1_1.15-1ubuntu2_amd64.deb libxcb1 1.15-1ubuntu2
bcd336fce11ce2a45f34d0f95e6980af22529f22147e8f98c156e5cee8ee42bb libxdmcp6_1%3a1.1.3-0ubuntu6_amd64.deb libxdmcp6 1:1.1.3-0ubuntu6
45783969a9ece9d7b7b733b8c60981584c53c6bc5ee3b42d295d2f80d1285679 libxext6_2%3a1.3.4-1build2_amd64.deb libxext6 2:1.3.4-1build2
d70bd831aebe8d4834b5dd2ed98df26dd6bd27f1042c47543bd7f66df1ae22ea libxrender1_1%3a0.9.10-1.1build1_amd64.deb libxrender1 1:0.9.10-1.1build1
675b84971ffd4467707008c25ef7520f90ea7c23ef27b7a76b0dccf1d7c4dc3f openssl_3.0.13-0ubuntu3.16_amd64.deb openssl 3.0.13-0ubuntu3.16
