d909f0327b09d9a9136239caca975df89782fa28efd721c4eb4caea422d3fc5a autotools-dev_20220109.1_all.deb autotools-dev 20220109.1
b3b5a84181a38fd191820b2cdcc1a3eeb1cd6333ad472f2092f96e81047e9c74 binutils_2.42-4ubuntu2.10_amd64.deb binutils 2.42-4ubuntu2.10
d136073f5e2153f3df11c1d08d66727b9466b28ff483f50085f14bbe3464b5ee binutils-common_2.42-4ubuntu2.10_amd64.deb binutils-common 2.42-4ubuntu2.10
1e510a15f30208d39edcd840e48f26a77bbca7c417805eeccb1e3f7de198ef29 binutils-x86-64-linux-gnu_2.42-4ubuntu2.10_amd64.deb binutils-x86-64-linux-gnu 2.42-4ubuntu2.10
6bac2a01979e210d9eac1d4d56747ec709ea60654744d66705dc3c36e7629e50 ca-certificates_20260601~24.04.1_all.deb ca-certificates 20260601~24.04.1
b51f8094760f7b41afdcb1fe1b5a57fc64b75a090859918af17450a10f8c7d31 cpp_4%3a13.2.0-7ubuntu1_amd64.deb cpp 4:13.2.0-7ubuntu1
c7535331fbb183c802c3bf4b6b210872dcc12d0421b3212b3c4b940f2c59ed3a cpp-13_13.3.0-6ubuntu2~24.04.1_amd64.deb cpp-13 13.3.0-6ubuntu2~24.04.1
2ca48bf0c2d6465bc39322899715a85d934b4d7442dd5586a7bebbe3ce0f806b cpp-13-x86-64-linux-gnu_13.3.0-6ubuntu2~24.04.1_amd64.deb cpp-13-x86-64-linux-gnu 13.3.0-6ubuntu2~24.04.1
85059b30960de3582e8612740614da3dfe47241d0368a28dea686188cf7648dd cpp-x86-64-linux-gnu_4%3a13.2.0-7ubuntu1_amd64.deb cpp-x86-64-linux-gnu 4:13.2.0-7ubuntu1
17dae1d6e803d0304e318f451c8abf62cbd5bb2a0068300cdeea77c62075b895 file_1%3a5.45-3build1_amd64.deb file 1:5.45-3build1
9df0579cd298a1f2b7a40efd519c849745aecd193a09733cf4d1032284a62bbf fontconfig-config_2.15.0-1.1ubuntu2_amd64.deb fontconfig-config 2.15.0-1.1ubuntu2
40049660c194f3b8a2541fc7369efebb10e9f94bdac836a2f38fafedd10fa73a fonts-dejavu-core_2.37-8_all.deb fonts-dejavu-core 2.37-8
8a599d6553307db7ecb795d2f0e5a301e03234afc75c7358b0ba43466454c89a fonts-dejavu-mono_2.37-8_all.deb fonts-dejavu-mono 2.37-8
0e0bb8b25153ed1c44ab92bc219eed469fcb5820c5c0bc6454b2fd366a33d3ee gcc_4%3a13.2.0-7ubuntu1_amd64.deb gcc 4:13.2.0-7ubuntu1
7438ff160b020a74970672189ecae25d0ca650de6d7f543f12a3134192cffbd9 gcc-13_13.3.0-6ubuntu2~24.04.1_amd64.deb gcc-13 13.3.0-6ubuntu2~24.04.1
e859aca26585bb91113a451f1e66bc0e5283cb08797d679aacc1d936ae6dff8e gcc-13-base_13.3.0-6ubuntu2~24.04.1_amd64.deb gcc-13-base 13.3.0-6ubuntu2~24.04.1
a134b0319a82d14581b3a14820d2832af4ec9778ed8b9b4ddaeecfb0555ec325 gcc-13-x86-64-linux-gnu_13.3.0-6ubuntu2~24.04.1_amd64.deb gcc-13-x86-64-linux-gnu 13.3.0-6ubuntu2~24.04.1
72e79089a10e381360bfc6f03c5e5d8c2ff177d6dbac2cd7ffb3cc1383f57591 gcc-x86-64-linux-gnu_4%3a13.2.0-7ubuntu1_amd64.deb gcc-x86-64-linux-gnu 4:13.2.0-7ubuntu1
8321aac6230fa1da320e76eb6288b7436164624aec449ed3933ea6c4cc86daac libasan8_14.2.0-4ubuntu2~24.04.1_amd64.deb libasan8 14.2.0-4ubuntu2~24.04.1
fe49cbbc7be753528380c724a8eef5f1e31dffa9221f692c5069048d81c7449d libatomic1_14.2.0-4ubuntu2~24.04.1_amd64.deb libatomic1 14.2.0-4ubuntu2~24.04.1
064dce00ce94e1fc2d33779cb0071088f4c8aac79e85345f2e78a020f7d14699 libbinutils_2.42-4ubuntu2.10_amd64.deb libbinutils 2.42-4ubuntu2.10
49ef9eb8716c4d7ec8921b87328052e75efecf89ab5975b5e43360e8cb7aa27c libblkid-dev_2.39.3-9ubuntu6.6_amd64.deb libblkid-dev 2.39.3-9ubuntu6.6
2d56213247be7aca429c55c6136e371b670e2275c8d455ef3fe6a737f5b7da7b libbrotli-dev_1.1.0-2build2_amd64.deb libbrotli-dev 1.1.0-2build2
74492419b8fda803774b8c9acef6afc5d2f9ff31782635aae212906adae7b277 libbrotli1_1.1.0-2build2_amd64.deb libbrotli1 1.1.0-2build2
f3857b0863ac5cfd4263e9bf6cfb1d4be88d5321e4070d5bc2b62b0949e6c86f libbsd0_0.12.1-1build1.1_amd64.deb libbsd0 0.12.1-1build1.1
f055bb5cb47117020a76dc40fcdb8164f4fa529df2b7f485faacc0b0f5083614 libbz2-dev_1.0.8-5.1ubuntu0.1_amd64.deb libbz2-dev 1.0.8-5.1ubuntu0.1
77db23aba4582d034d9a95e4818a16e7e51a2d4fb17a9204439688e288d67f4c libc-dev-bin_2.39-0ubuntu8.9_amd64.deb libc-dev-bin 2.39-0ubuntu8.9
e13d5fcc1b2a86f75bca8e0026a8e39f24fe97ca86e92be79991f8697eb1306f libc6-dev_2.39-0ubuntu8.9_amd64.deb libc6-dev 2.39-0ubuntu8.9
f5483cbe43455fc9e9cba7f0e166bd0a731c02db2902ba562719848f72e8c403 libcairo-gobject2_1.18.0-3build1_amd64.deb libcairo-gobject2 1.18.0-3build1
e104466e7d816672a711db42746af528d210197231f12e3c712c06ac9a79b214 libcairo-script-interpreter2_1.18.0-3build1_amd64.deb libcairo-script-interpreter2 1.18.0-3build1
96950b306889ff6e4248bb937b0a3b56e72dacf643fe732214ce375f0f6bbb36 libcairo2_1.18.0-3build1_amd64.deb libcairo2 1.18.0-3build1
05d0ccb271a557d30a665d9f5f1420e9e60df02f49cfe4f8917674e218e5bb3c libcairo2-dev_1.18.0-3build1_amd64.deb libcairo2-dev 1.18.0-3build1
454456436ca767817a860557263d7cc2489f0a410f03efff4c0bb236d579ec09 libcc1-0_14.2.0-4ubuntu2~24.04.1_amd64.deb libcc1-0 14.2.0-4ubuntu2~24.04.1
2edff420ef80b4a3f3751e65c33423ef30e563122a58b759e4854ea8d84ba1b1 libcrypt-dev_1%3a4.4.36-4build1_amd64.deb libcrypt-dev 1:4.4.36-4build1
da352eb7fa6c4369d2a6c1e5e680f574eda2e38576563326b18d9e47e61c4078 libctf-nobfd0_2.42-4ubuntu2.10_amd64.deb libctf-nobfd0 2.42-4ubuntu2.10
7ec86d697c3668503c85f308a6832f092075b5880ad002f22185264da0bd4645 libctf0_2.42-4ubuntu2.10_amd64.deb libctf0 2.42-4ubuntu2.10
b4aee123a37472d213647594b4f7d4a0d13615b0ca2a6fd33926b768d6b232c2 libelf1t64_0.190-1.1ubuntu0.1_amd64.deb libelf1t64 0.190-1.1ubuntu0.1
083ced6efb23476cb4de4e441b741af02db5653e67fa7fcd6cf7e5f7b78f6101 libevent-2.1-7t64_2.1.12-stable-9ubuntu2.2_amd64.deb libevent-2.1-7t64 2.1.12-stable-9ubuntu2.2
494b8e672f722130c6bca6a7bc4cc31a43ca891a31d60d868bfdd699a3c20b13 libexpat1_2.6.1-2ubuntu0.6_amd64.deb libexpat1 2.6.1-2ubuntu0.6
87281ce46d74f261caff4ac404fe5af7b07f185d305246fef81797ddc20fa9f8 libexpat1-dev_2.6.1-2ubuntu0.6_amd64.deb libexpat1-dev 2.6.1-2ubuntu0.6
7009959b8a3b77206325026917fb45150ac81bf6139468abc0841d5a29c8619d libffi-dev_3.4.6-1build1_amd64.deb libffi-dev 3.4.6-1build1
7948f3037b39d8bc751dc6104ff490c2d2f1b145d2969227ba591ceb917f9f05 libfontconfig-dev_2.15.0-1.1ubuntu2_amd64.deb libfontconfig-dev 2.15.0-1.1ubuntu2
a2bc05cfef021fdb84285036f98eda5ebec3c4b7a378f5aa2bdba5c4d3d8d586 libfontconfig1_2.15.0-1.1ubuntu2_amd64.deb libfontconfig1 2.15.0-1.1ubuntu2
85e0199f3e9670b77c219e2adcec572138a6840fd71b7bb3bf03f1b32c7057ea libfreetype-dev_2.13.2+dfsg-1ubuntu0.1_amd64.deb libfreetype-dev 2.13.2+dfsg-1ubuntu0.1
f6937fd8a77e83001dcfd3857d5a5cfbd4caaeb297c7fdb71ec50514843e48af libfreetype6_2.13.2+dfsg-1ubuntu0.1_amd64.deb libfreetype6 2.13.2+dfsg-1ubuntu0.1
cd689db2691edaa10f37329307292796bb599e722e0505c79e14caaa1fe9a93a libgcc-13-dev_13.3.0-6ubuntu2~24.04.1_amd64.deb libgcc-13-dev 13.3.0-6ubuntu2~24.04.1
06cecc29957bdf1a2731dc74e12c64af7d8ef67798c9225aeb211f3d5b9f7f7c libgcrypt20-dev_1.10.3-2ubuntu0.2_amd64.deb libgcrypt20-dev 1.10.3-2ubuntu0.2
784749ffb94d1726cb207a227f8dd005b6d518c6dfcd04b94f02f16537c2d0c6 libgirepository-2.0-0_2.80.0-6ubuntu3.9_amd64.deb libgirepository-2.0-0 2.80.0-6ubuntu3.9
a66ef54888a18e20b55dd3988177f6029caa81dc16198c043a715500b62cf06f libglib2.0-0t64_2.80.0-6ubuntu3.9_amd64.deb libglib2.0-0t64 2.80.0-6ubuntu3.9
e0e2ccb6ee3c0c8f3556417872a4340a2e0ddb3e50af6de3f8e5fc999c98693f libglib2.0-bin_2.80.0-6ubuntu3.9_amd64.deb libglib2.0-bin 2.80.0-6ubuntu3.9
87b6c824ce057baed1144474640e083f167096453393f93727f8d3a1d75a2707 libglib2.0-data_2.80.0-6ubuntu3.9_all.deb libglib2.0-data 2.80.0-6ubuntu3.9
2f34111ef1c41179d610049c902e2622d433e648869abf267e17083c13aa6030 libglib2.0-dev_2.80.0-6ubuntu3.9_amd64.deb libglib2.0-dev 2.80.0-6ubuntu3.9
a25df95147a20a1748b5e110650670b6453dc972284b85d14e2b4a53c934b4da libglib2.0-dev-bin_2.80.0-6ubuntu3.9_amd64.deb libglib2.0-dev-bin 2.80.0-6ubuntu3.9
a9847b5ecfff791a46cb198f29a06d9d23a20afdfdd434812f2b44ccfb61d46a libgmp-dev_2%3a6.3.0+dfsg-2ubuntu6.1_amd64.deb libgmp-dev 2:6.3.0+dfsg-2ubuntu6.1
6f59344240b6dc139ed23ef236b8aa146e5d25e23aa90e79f814e2e4cc4b5752 libgmpxx4ldbl_2%3a6.3.0+dfsg-2ubuntu6.1_amd64.deb libgmpxx4ldbl 2:6.3.0+dfsg-2ubuntu6.1
1046a09befeb0a0913760ce28e46cd2b2758109325a30771a5f0c82a094a4631 libgnutls-dane0t64_3.8.3-1.1ubuntu3.6_amd64.deb libgnutls-dane0t64 3.8.3-1.1ubuntu3.6
fb5c82cc0d79ae47031aa0ebff855b5e9e5bbf0c454a03c27abbc068dd4d672e libgnutls-openssl27t64_3.8.3-1.1ubuntu3.6_amd64.deb libgnutls-openssl27t64 3.8.3-1.1ubuntu3.6
b13e52a43f18e8fdb49e37150cd20c14ec79b42aead1facc5006cb217122a777 libgnutls28-dev_3.8.3-1.1ubuntu3.6_amd64.deb libgnutls28-dev 3.8.3-1.1ubuntu3.6
e8a95ec58125b4933597f30ff56c2ae10edf90f287262e366d4b6edea3019144 libgomp1_14.2.0-4ubuntu2~24.04.1_amd64.deb libgomp1 14.2.0-4ubuntu2~24.04.1
54e6a40671bd698e260be85765429fe42111b2aac3357c89ee3e1d78a5379b7b libgpg-error-dev_1.47-3build2.1_amd64.deb libgpg-error-dev 1.47-3build2.1
1b7e3c2fc162e8358ca6e5a3fffdb4d0d632f790630323215841bb36a63c0ab8 libgprofng0_2.42-4ubuntu2.10_amd64.deb libgprofng0 2.42-4ubuntu2.10
2195318cfe68fe16b601913ef7b33c9a900372f57861643fdc9ae6fef84534cd libhwasan0_14.2.0-4ubuntu2~24.04.1_amd64.deb libhwasan0 14.2.0-4ubuntu2~24.04.1
120ee9cf7a5e635c33a6e82d1e846ab19d9cc3c6472fe4136fc066313239d542 libice-dev_2%3a1.0.10-1build3_amd64.deb libice-dev 2:1.0.10-1build3
ad1edb5303574fee154e487947177e5bd15363aa71b92f78f5a2a7145fdb81c5 libice6_2%3a1.0.10-1build3_amd64.deb libice6 2:1.0.10-1build3
e3e46cffb6e6d90e05bf6562b836042929cc0d41437d28a1a42afeb080d5ff4d libidn2-dev_2.3.7-2build1.1_amd64.deb libidn2-dev 2.3.7-2build1.1
4e040926e50fb961fae9bf95660189d468336a4a17bc321872c434fc8f777e7f libisl23_0.26-3build1.1_amd64.deb libisl23 0.26-3build1.1
1fca498129dd3510294809d77ee754f72a9de281111200e9b7b9a5adf37faa9f libitm1_14.2.0-4ubuntu2~24.04.1_amd64.deb libitm1 14.2.0-4ubuntu2~24.04.1
0cf79113f5d193ce9af2be2ff4b2c3b30dd4e55a0b6c47f7d28f6c849ff3aa60 libjansson4_2.14-2build2_amd64.deb libjansson4 2.14-2build2
f68b5b23bc8a1688fb787d2aed7e2cdf895a73022f6a5025e183162dac4500b2 libjpeg-turbo8_2.1.5-2ubuntu2_amd64.deb libjpeg-turbo8 2.1.5-2ubuntu2
839aec481a9f365c5f1a9e444975f4cc9e944843ff54a849b18161f5be9a963d libjpeg-turbo8-dev_2.1.5-2ubuntu2_amd64.deb libjpeg-turbo8-dev 2.1.5-2ubuntu2
4d6ed682972bddf62af158a06d68a0dda497e421423b7ca92fb450b3d9ceaac9 libjpeg8_8c-2ubuntu11_amd64.deb libjpeg8 8c-2ubuntu11
dc0c2a1a053e833ba4d71e1ec2ba4244fe301761ad4a91d6725f927a52d86a14 liblsan0_14.2.0-4ubuntu2~24.04.1_amd64.deb liblsan0 14.2.0-4ubuntu2~24.04.1
e0d13be155013138b8db4cfe68212b866080af661c78302c2eab0d2f9d0d454e liblzo2-2_2.10-2build4_amd64.deb liblzo2-2 2.10-2build4
be008715cf2e81337d6a28c0a9fb026c6366819eebfeb839e41bc61a07730c35 liblzo2-dev_2.10-2build4_amd64.deb liblzo2-dev 2.10-2build4
f0ed0e314a63ae1b7e5403d7e43a26c6e0c0ee69e9a305babcf9c6775607377a libmagic-mgc_1%3a5.45-3build1_amd64.deb libmagic-mgc 1:5.45-3build1
fc2319f342c437e044ccf854e0c95bd472a7eb0b9363e1f76ad1524ab04df68e libmagic1t64_1%3a5.45-3build1_amd64.deb libmagic1t64 1:5.45-3build1
87b7ed1fedfa79aedfb3772c539db2047857c4b0a3cf663161a657a752a3ca2e libmount-dev_2.39.3-9ubuntu6.6_amd64.deb libmount-dev 2.39.3-9ubuntu6.6
cebe6098bb3d66fdacac9dc6fe406a651216d9c00f27c3f9c159d15d96cdf864 libmpc3_1.3.1-1build1.1_amd64.deb libmpc3 1.3.1-1build1.1
aebc1c8b69a1f98bb43dfc268daecd181116dbf40b13ee4e822eb4bdd52b493a libmpfr6_4.2.1-1build1.1_amd64.deb libmpfr6 4.2.1-1build1.1
8a4ceb7005907ee4cc32c3ebfe9dfdd0cb3efd32f27bbd343ce6eabe4a480c86 libossp-uuid-dev_1.6.2-1.5build13_amd64.deb libossp-uuid-dev 1.6.2-1.5build13
07c0b662e054c10695195af7692f14c191c34c1eac3f1d60171b89c25a9c1923 libossp-uuid16_1.6.2-1.5build13_amd64.deb libossp-uuid16 1.6.2-1.5build13
9f4430a5f358fb5aa064cc569301358b71090ce9b6fcdd4ea26dac455a47fa7e libp11-kit-dev_0.25.3-4ubuntu2.2_amd64.deb libp11-kit-dev 0.25.3-4ubuntu2.2
06bba768fd16e6ea6f744114a0c500d9f5d98ee82630edf0d8a54f2175d3921b libpcre2-16-0_10.42-4ubuntu2.1_amd64.deb libpcre2-16-0 10.42-4ubuntu2.1
30f899441a422ae478426cc29871223cc9e37ef10b758acf807df52b417bfc5f libpcre2-32-0_10.42-4ubuntu2.1_amd64.deb libpcre2-32-0 10.42-4ubuntu2.1
933ac2723142126b6e01b588803dc6fa15a26205468524548e14af3cd48027e9 libpcre2-dev_10.42-4ubuntu2.1_amd64.deb libpcre2-dev 10.42-4ubuntu2.1
8660cea205a97cf6a97a5b7a0d601c2549f6d44d5083417eb2bbfcb9f137ee5f libpcre2-posix3_10.42-4ubuntu2.1_amd64.deb libpcre2-posix3 10.42-4ubuntu2.1
d9c2931c4c424615eeab9dd5ae08bfc608b84e803c1d3ccddf319270db213421 libpixman-1-0_0.42.2-1build1_amd64.deb libpixman-1-0 0.42.2-1build1
e2e8dca700dfa69f8b5f80df5ba5db2090b0cd5cd497a4351e82f5ada5dc94e8 libpixman-1-dev_0.42.2-1build1_amd64.deb libpixman-1-dev 0.42.2-1build1
fc3a57e8f931ec06cb7c51acc56878f1fec247ff02a7adcab26905c2faeb2792 libpkgconf3_1.8.1-2build1_amd64.deb libpkgconf3 1.8.1-2build1
5dc18bc99a592bd21f26a4efec92e56dd05a7e95aad9eee588697cf8965faca1 libpng-dev_1.6.43-5ubuntu0.6_amd64.deb libpng-dev 1.6.43-5ubuntu0.6
ac0163f58b8aa52dfdd17cdc10a83f3db084cb91a62686023f5c983d6ff89f8b libpng16-16t64_1.6.43-5ubuntu0.6_amd64.deb libpng16-16t64 1.6.43-5ubuntu0.6
b8f278da7b1907d3014c01f9bc89748208a8cd3b770f0f55f1528afcc98dc6c0 libpthread-stubs0-dev_0.4-1build3_amd64.deb libpthread-stubs0-dev 0.4-1build3
57ebb378c59d2f9ef479bee0abc933c560878cc10e2c3af8e05d6fdb2ed63da4 libpython3-stdlib_3.12.3-0ubuntu2.1_amd64.deb libpython3-stdlib 3.12.3-0ubuntu2.1
d646ad7112b5adec21ba0e1af015f04ae8ca7f5efdc619622547dd6673c4c14b libpython3.12-minimal_3.12.3-1ubuntu0.17_amd64.deb libpython3.12-minimal 3.12.3-1ubuntu0.17
45d3f530ba1f9d6e879ad46b92046fabab13fe50a82450e4f65557a3bbad1489 libpython3.12-stdlib_3.12.3-1ubuntu0.17_amd64.deb libpython3.12-stdlib 3.12.3-1ubuntu0.17
dc8f0ca542e09d662f29370c8393c016440dd4bc5c996c5fcc19f632b63ce3b0 libquadmath0_14.2.0-4ubuntu2~24.04.1_amd64.deb libquadmath0 14.2.0-4ubuntu2~24.04.1
563977a16df03b611f5239cc1e9a0426e86479fcc616b5c9e200ea32063119e5 libreadline8t64_8.2-4build1_amd64.deb libreadline8t64 8.2-4build1
eda097f98dcb3a08b9ce157d6191d140e4885c1cba47b683c94b8ca45e88f458 libsasl2-2_2.1.28+dfsg1-5ubuntu3.1_amd64.deb libsasl2-2 2.1.28+dfsg1-5ubuntu3.1
bd55f7445f2d895831d876f8d74de9bd4f1f547718b1eb66a3b854dcce07bbf6 libsasl2-dev_2.1.28+dfsg1-5ubuntu3.1_amd64.deb libsasl2-dev 2.1.28+dfsg1-5ubuntu3.1
1f13548b1774cd9c70c50b8c3267204a101334a4d2f979338896ba5a4c6f81b8 libsasl2-modules-db_2.1.28+dfsg1-5ubuntu3.1_amd64.deb libsasl2-modules-db 2.1.28+dfsg1-5ubuntu3.1
2cc37cb9251f49a11f9c34bc8605c2aace8ded76f50b951ad28ded42d6ab3f68 libselinux1-dev_3.5-2ubuntu2.1_amd64.deb libselinux1-dev 3.5-2ubuntu2.1
85e47c1d7bcccbc059ea99d4c379659236f63b1716af8d796072875d418402bf libsepol-dev_3.5-2build1_amd64.deb libsepol-dev 3.5-2build1
72093fb456864db55f1352bfa5e952a94f7abaff64e71dff1fbf001db1984564 libsframe1_2.42-4ubuntu2.10_amd64.deb libsframe1 2.42-4ubuntu2.10
50fd7a62a400cecd8fb69839eb4713361ac5d7ad6d6dfdcd8d0e922823151952 libsharpyuv-dev_1.3.2-0.4build3_amd64.deb libsharpyuv-dev 1.3.2-0.4build3
4e1763494e5b9d34192313aa88e38201fc67b3f13ea96ca268d26401a3002791 libsharpyuv0_1.3.2-0.4build3_amd64.deb libsharpyuv0 1.3.2-0.4build3
cf0b806cb768eccdfd00419d35913e24e6bcf62bc60fced16e811384f1637eed libsm-dev_2%3a1.2.3-1build3_amd64.deb libsm-dev 2:1.2.3-1build3
1d27ebc381b499075a28c504be4d7d424c63b6866354736ac7f8d25813860cdf libsm6_2%3a1.2.3-1build3_amd64.deb libsm6 2:1.2.3-1build3
b1190bb72359f5fcc47406aa46065eaf4f1ca208085c51224a52b04bedc0b4bb libsqlite3-0_3.45.1-1ubuntu2.8_amd64.deb libsqlite3-0 3.45.1-1ubuntu2.8
2b4734df0475e305ac03abb0a2cc5659651ed37ef02d967a1c4033a154cf714b libssl-dev_3.0.13-0ubuntu3.16_amd64.deb libssl-dev 3.0.13-0ubuntu3.16
219f43b1cd836a4da550938db5fda93160d269d39a4edcf1f1ce698a470db797 libssl3t64_3.0.13-0ubuntu3.16_amd64.deb libssl3t64 3.0.13-0ubuntu3.16
73ade6977fbfa51a825cb8456c5648c1123d3af93430b54196a7c4ff9657588c libtasn1-6-dev_4.19.0-3ubuntu0.24.04.2_amd64.deb libtasn1-6-dev 4.19.0-3ubuntu0.24.04.2
9d1d707179675d38e024bb13613b1d99e0d33fa6c45e5f3bcba19340781781d3 libtool_2.4.7-7build1_all.deb libtool 2.4.7-7build1
8cbcc9b3ae5ef23b449383d47a9035b27596e307d7dce7df9b83d47a7acd1d91 libtsan2_14.2.0-4ubuntu2~24.04.1_amd64.deb libtsan2 14.2.0-4ubuntu2~24.04.1
a16dea3abe2dcac99bcfae27e7e5672fde64573c3c170dcb0cd55631238f9814 libubsan1_14.2.0-4ubuntu2~24.04.1_amd64.deb libubsan1 14.2.0-4ubuntu2~24.04.1
e1c196fc955a1758d337d30b56f3dcfa80a6ac68886e5205c38b13d5dc3532b4 libunbound8_1.19.2-1ubuntu3.9_amd64.deb libunbound8 1.19.2-1ubuntu3.9
87a569c0c4764edd7571eaf4bdb4977dd2b88a1d99ef1cd22625ee6db6dee3ad libvncclient1_0.9.14+dfsg-1ubuntu0.2_amd64.deb libvncclient1 0.9.14+dfsg-1ubuntu0.2
06839f041ffdf2738b55418fc114c5f2e2cdec01f87cf805edaa5e437b5f4d31 libvncserver-dev_0.9.14+dfsg-1ubuntu0.2_amd64.deb libvncserver-dev 0.9.14+dfsg-1ubuntu0.2
33706df1bd90624069ab187a0979fca7151beb623f2cd5911f2645b0305c08a0 libvncserver1_0.9.14+dfsg-1ubuntu0.2_amd64.deb libvncserver1 0.9.14+dfsg-1ubuntu0.2
7ba3a6f29d2656b89d5600322c959d6bc7841f1a88e1fa2770c60d639379effe libwebp-dev_1.3.2-0.4build3_amd64.deb libwebp-dev 1.3.2-0.4build3
c86f6439f0bbc531f7199794654231f3b29327d6585958511b958795d51c2484 libwebp7_1.3.2-0.4build3_amd64.deb libwebp7 1.3.2-0.4build3
b1fa298b942141acec1cf14ef70870dd43393ba28c4409c8badb6ad681753548 libwebpdecoder3_1.3.2-0.4build3_amd64.deb libwebpdecoder3 1.3.2-0.4build3
15e98f127e1fdbf0889cf4b2f5604b60a6da0b988f20bf34731c9a2307d490d6 libwebpdemux2_1.3.2-0.4build3_amd64.deb libwebpdemux2 1.3.2-0.4build3
0dd0f2de0fbbda7239209332ddfe512f4383d0489dd3f9fb25398f58c1621724 libwebpmux3_1.3.2-0.4build3_amd64.deb libwebpmux3 1.3.2-0.4build3
397f84347476a3c5786b39f3ff6f0f82866eb3d8be6d2ad3efeadf019efe5b80 libx11-6_2%3a1.8.7-1build1_amd64.deb libx11-6 2:1.8.7-1build1
9ae01f7747e7f479394c697c55acf11d3baf139e8e54b7c4adfb55ef9c50de08 libx11-data_2%3a1.8.7-1build1_all.deb libx11-data 2:1.8.7-1build1
1969e200607ffe34070b92fe1bd3ba76ac2e2bd2f3a54530800c5872076fad24 libx11-dev_2%3a1.8.7-1build1_amd64.deb libx11-dev 2:1.8.7-1build1
46783c6af2d87c06394d55dfaa21dac07396f13cfc5ea6afbd9313ab49fc0e50 libxau-dev_1%3a1.0.9-1build6_amd64.deb libxau-dev 1:1.0.9-1build6
e40d29f1d1a62393bacaedebe0da3d9006084152a9f7e5e029293f08ce1c5c80 libxau6_1%3a1.0.9-1build6_amd64.deb libxau6 1:1.0.9-1build6
7d83a0668b1a693b5ea2e496206e8371fb6beda4c54a2b4b3902005915c272c5 libxcb-render0_1.15-1ubuntu2_amd64.deb libxcb-render0 1.15-1ubuntu2
73eebcba4a6366cd3b1088f7c1f36d136cfbb3d5f396a2955f3929c6f3a995cc libxcb-render0-dev_1.15-1ubuntu2_amd64.deb libxcb-render0-dev 1.15-1ubuntu2
229d1280d459f1ba44c22939d3f9b61d9d20932d9a646b3fe4ce50be4cdf2325 libxcb-shm0_1.15-1ubuntu2_amd64.deb libxcb-shm0 1.15-1ubuntu2
e1417055e2b1c252180288f016b67470e33228c00cdc9f841eaca0fe21204c23 libxcb-shm0-dev_1.15-1ubuntu2_amd64.deb libxcb-shm0-dev 1.15-1ubuntu2
e1c6611d11ad7398326f1bf028afc34c3b14c51d917a3426b966ed4b9687fa58 libxcb1_1.15-1ubuntu2_amd64.deb libxcb1 1.15-1ubuntu2
1bafe3432feafc9e57f858721da524dfb3ee1f6fc4ef6b0c73023e79eadb9c28 libxcb1-dev_1.15-1ubuntu2_amd64.deb libxcb1-dev 1.15-1ubuntu2
ba2f2230b391c292f5f399d6e04d48181be6b3100556f7870591ca95c9d00667 libxdmcp-dev_1%3a1.1.3-0ubuntu6_amd64.deb libxdmcp-dev 1:1.1.3-0ubuntu6
bcd336fce11ce2a45f34d0f95e6980af22529f22147e8f98c156e5cee8ee42bb libxdmcp6_1%3a1.1.3-0ubuntu6_amd64.deb libxdmcp6 1:1.1.3-0ubuntu6
b5bdb6724f228cb8eee8cf39cbbe1289dd3f8f06dd022748312df7844c94dcf2 libxext-dev_2%3a1.3.4-1build2_amd64.deb libxext-dev 2:1.3.4-1build2
45783969a9ece9d7b7b733b8c60981584c53c6bc5ee3b42d295d2f80d1285679 libxext6_2%3a1.3.4-1build2_amd64.deb libxext6 2:1.3.4-1build2
839558c9de049636e13e22e409c04f3226614abf176c4a3b7088058576d74848 libxrender-dev_1%3a0.9.10-1.1build1_amd64.deb libxrender-dev 1:0.9.10-1.1build1
d70bd831aebe8d4834b5dd2ed98df26dd6bd27f1042c47543bd7f66df1ae22ea libxrender1_1%3a0.9.10-1.1build1_amd64.deb libxrender1 1:0.9.10-1.1build1
1a7bb04132d01cd14bea3d615e5861096ca1f70c4659902eb14b36c21993cadc linux-libc-dev_6.8.0-146.146_amd64.deb linux-libc-dev 6.8.0-146.146
1fe6a815b56c7b6e9ce4086a363f09444bbd0a0d30e230c453d0b78e44b57a99 make_4.3-4.1build2_amd64.deb make 4.3-4.1build2
31bfb7eec55ab6d34a50ba995150e1498d4cb897714085d8025e330d3b529747 media-types_10.1.0_all.deb media-types 10.1.0
8cdbc9c3dca01e660759bf9d840f72e45ac72faf5d19ca1faecacaf6a60c1a87 netbase_6.4_all.deb netbase 6.4
df06f798b64f1b30be477d7260ef6ad573223f66dd31f6d8b8696b27765ade23 nettle-dev_3.9.1-2.2build1.1_amd64.deb nettle-dev 3.9.1-2.2build1.1
675b84971ffd4467707008c25ef7520f90ea7c23ef27b7a76b0dccf1d7c4dc3f openssl_3.0.13-0ubuntu3.16_amd64.deb openssl 3.0.13-0ubuntu3.16
16bda455d9216da31ad55d72df5a7380cb9d5ac32a2393941cab262a4e5b526f pkg-config_1.8.1-2build1_amd64.deb pkg-config 1.8.1-2build1
834a58031069d97d7cfb8b2f5bfd5effc69cecf7f30cc362071875f1f8dc1828 pkgconf_1.8.1-2build1_amd64.deb pkgconf 1.8.1-2build1
7a812f05ee1610154b433e2ad54f6e4163fcbb306b9fb31afe959afb2e5e1545 pkgconf-bin_1.8.1-2build1_amd64.deb pkgconf-bin 1.8.1-2build1
e691b9cc40841c41bbdc50bd794c876cb1b1801306ea27b06e9a1458180df1e9 python3_3.12.3-0ubuntu2.1_amd64.deb python3 3.12.3-0ubuntu2.1
9ba5dd55cdcf6121c147dc5cb87403169b5933e3a56da0de57774f2ce819cf06 python3-minimal_3.12.3-0ubuntu2.1_amd64.deb python3-minimal 3.12.3-0ubuntu2.1
decc936e9512c2de78fcf9e8d8459ce58952c40bf8bd1f06e62556d7fe887db6 python3-packaging_24.0-1_all.deb python3-packaging 24.0-1
6745c9463432e619d7402b117ad4ac86c31dcd3999ba20daa9e395f6f9909d86 python3.12_3.12.3-1ubuntu0.17_amd64.deb python3.12 3.12.3-1ubuntu0.17
d452689b9660845345a4c3e05e4ad82c082d5474e04031b7aa47f1a6d5610a6e python3.12-minimal_3.12.3-1ubuntu0.17_amd64.deb python3.12-minimal 3.12.3-1ubuntu0.17
879bfd7f8a9bc4c0f7cdc777cdd8bc6de5f8c4a2ac80c060322a1b22f13504bb readline-common_8.2-4build1_all.deb readline-common 8.2-4build1
7eb710fe148d224c159ddec1ceb0ba53ead52a80a6793dcdae1474acf20d8f71 rpcsvc-proto_1.4.2-0ubuntu7_amd64.deb rpcsvc-proto 1.4.2-0ubuntu7
ef12c9ef81905b5ac558504b2f8c20da9be5f28861020b3fb5e8b15fb3fae2f6 tzdata_2026c-0ubuntu0.24.04.1_all.deb tzdata 2026c-0ubuntu0.24.04.1
266115cc3bcecef70b9f75c0cf8ca4daccd40958bf7872f8ccebec50502d2a13 uuid-dev_2.39.3-9ubuntu6.6_amd64.deb uuid-dev 2.39.3-9ubuntu6.6
b545fa5196dd7467ba3770d6ce575abcd7941071961ea9f7535a319d9d20fd46 x11-common_1%3a7.7+23ubuntu3_all.deb x11-common 1:7.7+23ubuntu3
d7c8cbeb485a45ca6e5486b46df7a5ead737440954ae4489866222101ac2f0d7 x11proto-core-dev_2023.2-1_all.deb x11proto-core-dev 2023.2-1
3bf13a2ffb79ecd4014d438936014e5863f79eb59ebf76e8f43356271c90e7ce x11proto-dev_2023.2-1_all.deb x11proto-dev 2023.2-1
277f662c6d94606c22078f2af82ac1b6e01386d5a4dec6ca7487bca4c5b23c07 xorg-sgml-doctools_1%3a1.11-1.1_all.deb xorg-sgml-doctools 1:1.11-1.1
45277c51d5d83db351b61859314b59595c9626ac372fbb2fc0d5542e169d9086 xtrans-dev_1.4.0-1_all.deb xtrans-dev 1.4.0-1
e9152a08af21ab22bc99e8bfa98f1eb83955b2cc3653bcefecab394ecf9d1b63 zlib1g-dev_1%3a1.3.dfsg-3.1ubuntu2.2_amd64.deb zlib1g-dev 1:1.3.dfsg-3.1ubuntu2.2
