d909f0327b09d9a9136239caca975df89782fa28efd721c4eb4caea422d3fc5a autotools-dev_20220109.1_all.deb autotools-dev 20220109.1
f3333e2ef1b857f35905194f42e9541ff6a42bef8fbba6d8bb56abff460d4fa2 binutils_2.42-4ubuntu2.10_arm64.deb binutils 2.42-4ubuntu2.10
b5311d11d56f2daa82e952612b9578ef675af67714edb9aef7e3dc6cf2531575 binutils-aarch64-linux-gnu_2.42-4ubuntu2.10_arm64.deb binutils-aarch64-linux-gnu 2.42-4ubuntu2.10
e2930005b9e4d599cfa8ebddd1d888cbcef7ebec38c8c7dfbc4babbdeaa52c3b binutils-common_2.42-4ubuntu2.10_arm64.deb binutils-common 2.42-4ubuntu2.10
6bac2a01979e210d9eac1d4d56747ec709ea60654744d66705dc3c36e7629e50 ca-certificates_20260601~24.04.1_all.deb ca-certificates 20260601~24.04.1
133d40380f18509cf137347f7c470d87ccaf75fd1fa488c3b42b7d6ca3c09d30 cpp_4%3a13.2.0-7ubuntu1_arm64.deb cpp 4:13.2.0-7ubuntu1
0f3245c804313d970a2eabb72b68b0f6d8119905e1babdccfcf66f771fa3d9f1 cpp-13_13.3.0-6ubuntu2~24.04.1_arm64.deb cpp-13 13.3.0-6ubuntu2~24.04.1
5de37686322fdee9432cabbab469088fe15ff99323fd0302139fd73ddb83e0fe cpp-13-aarch64-linux-gnu_13.3.0-6ubuntu2~24.04.1_arm64.deb cpp-13-aarch64-linux-gnu 13.3.0-6ubuntu2~24.04.1
52822e3b33c0ccf29b86c6366683ebf61549973b02eda0643437a1fe8a099b9a cpp-aarch64-linux-gnu_4%3a13.2.0-7ubuntu1_arm64.deb cpp-aarch64-linux-gnu 4:13.2.0-7ubuntu1
aaced56de3dfca0c9a9b6bd4b80b45dcc8d712d02e213ae1fce5f0c8cfdffb28 file_1%3a5.45-3build1_arm64.deb file 1:5.45-3build1
86ea76c38d2168989fbcf22792ca1e786643a971ffb87248ca9dfcf0c3c7d1e1 fontconfig-config_2.15.0-1.1ubuntu2_arm64.deb fontconfig-config 2.15.0-1.1ubuntu2
40049660c194f3b8a2541fc7369efebb10e9f94bdac836a2f38fafedd10fa73a fonts-dejavu-core_2.37-8_all.deb fonts-dejavu-core 2.37-8
8a599d6553307db7ecb795d2f0e5a301e03234afc75c7358b0ba43466454c89a fonts-dejavu-mono_2.37-8_all.deb fonts-dejavu-mono 2.37-8
11dec7614bba0bd5b7cfad6a9890a4680dac5de6908ae625dd07105679bad67c gcc_4%3a13.2.0-7ubuntu1_arm64.deb gcc 4:13.2.0-7ubuntu1
04b729a6c728b92c941926be688f8c1a90a89602b10f131516a1e7574cc5b418 gcc-13_13.3.0-6ubuntu2~24.04.1_arm64.deb gcc-13 13.3.0-6ubuntu2~24.04.1
618086c3f64d780d0d8ffff2a07bef6115a301e71ee364bcf92c10b9b7dd499c gcc-13-aarch64-linux-gnu_13.3.0-6ubuntu2~24.04.1_arm64.deb gcc-13-aarch64-linux-gnu 13.3.0-6ubuntu2~24.04.1
1c1ca489da0d48237036318189a9b6525abe7703b75495f257f68bccae8c45a7 gcc-13-base_13.3.0-6ubuntu2~24.04.1_arm64.deb gcc-13-base 13.3.0-6ubuntu2~24.04.1
14bd5f429f7e91c23fcae70ddc1acf1438adfe246fa3078273f5a0629f64e2dc gcc-aarch64-linux-gnu_4%3a13.2.0-7ubuntu1_arm64.deb gcc-aarch64-linux-gnu 4:13.2.0-7ubuntu1
0b7957bc5bbc5d30eabe8b71bab06e624ac530be7b1b1315d2bd54629cf2559f libasan8_14.2.0-4ubuntu2~24.04.1_arm64.deb libasan8 14.2.0-4ubuntu2~24.04.1
fdeab74e7ad8572cf69c7024e8040c7ac851f6e667d35f0d429e7a0352840f73 libatomic1_14.2.0-4ubuntu2~24.04.1_arm64.deb libatomic1 14.2.0-4ubuntu2~24.04.1
c86634a7471aa27439b9bef7bd91ca8136f01f938c93bf6abe16a8fca758e849 libbinutils_2.42-4ubuntu2.10_arm64.deb libbinutils 2.42-4ubuntu2.10
6eb614e62d79b11c294f1c971e3e116345075eff6b76b14e7224c81f89169877 libblkid-dev_2.39.3-9ubuntu6.6_arm64.deb libblkid-dev 2.39.3-9ubuntu6.6
9049decef2672534a714ad92713844282dfdb15722f5c760e6a204048c28e4b7 libbrotli-dev_1.1.0-2build2_arm64.deb libbrotli-dev 1.1.0-2build2
cabf3462d908e72f2e594f19ae87c581c4614f099947e38fbd865bf8eae27014 libbrotli1_1.1.0-2build2_arm64.deb libbrotli1 1.1.0-2build2
cdf9ff601244e64482584d9d9b98aa54a573c081ab5956227c737307196c1ce3 libbsd0_0.12.1-1build1.1_arm64.deb libbsd0 0.12.1-1build1.1
0e286e6d531e4aeee0b03791bfb7ea798e41f9effdc0febe02aa0043f3dab5d3 libbz2-dev_1.0.8-5.1ubuntu0.1_arm64.deb libbz2-dev 1.0.8-5.1ubuntu0.1
85564f1ba7dce372d0fdec055986b428f72cd9c235af1dd29950f589562d19bc libc-dev-bin_2.39-0ubuntu8.9_arm64.deb libc-dev-bin 2.39-0ubuntu8.9
9bf6acb8a3433ffe561182517640970d324425fabbbeb54a24d737ba1f3c816b libc6-dev_2.39-0ubuntu8.9_arm64.deb libc6-dev 2.39-0ubuntu8.9
413153d7898f726cd993a4e0f2f80d412ac42c8d717d49041d71342cc1d581cb libcairo-gobject2_1.18.0-3build1_arm64.deb libcairo-gobject2 1.18.0-3build1
48d29061f967f3d4c88b986c600862e0f629624bf22c131aa66c79667a781be3 libcairo-script-interpreter2_1.18.0-3build1_arm64.deb libcairo-script-interpreter2 1.18.0-3build1
d7820deae45510a3ca1c1f6e32baa2e8b12a234a410d185e42e75e9dd5fcd6da libcairo2_1.18.0-3build1_arm64.deb libcairo2 1.18.0-3build1
5fa1bc87dfd6bdf24ba2a2adb629d98e1c01d347adfa8118aad74893639b6e60 libcairo2-dev_1.18.0-3build1_arm64.deb libcairo2-dev 1.18.0-3build1
a72eb7353138e671ce46cdb7afc09cd400eaa8ae20e2e7750d40fbbdf63a3811 libcc1-0_14.2.0-4ubuntu2~24.04.1_arm64.deb libcc1-0 14.2.0-4ubuntu2~24.04.1
cadcc00021aa1082a8cb5cd1c2686b25b7a4d396f2029eaa1b12159ca46f1766 libcrypt-dev_1%3a4.4.36-4build1_arm64.deb libcrypt-dev 1:4.4.36-4build1
c80063890a430e42181e7ad3f0277bb563abc22d556fd5e65c798c4ee8318684 libctf-nobfd0_2.42-4ubuntu2.10_arm64.deb libctf-nobfd0 2.42-4ubuntu2.10
2516f90d292d01eefe9207a623251550d93665f25d262f206f5c6b803389ed6b libctf0_2.42-4ubuntu2.10_arm64.deb libctf0 2.42-4ubuntu2.10
ba200bd93e3a1ade40e2c71540f55e7016c60f11e1b9fe1a76ef975de99b87f5 libelf1t64_0.190-1.1ubuntu0.1_arm64.deb libelf1t64 0.190-1.1ubuntu0.1
fa673bc6df96f47db3aad32fa0158fccd0d15af9065fa4a4e11d90007abe4c9f libevent-2.1-7t64_2.1.12-stable-9ubuntu2.2_arm64.deb libevent-2.1-7t64 2.1.12-stable-9ubuntu2.2
9782206e359ccd50dd5686c2fd5182ed87c777a6d76b0269e38e89dbaac9f3b2 libexpat1_2.6.1-2ubuntu0.6_arm64.deb libexpat1 2.6.1-2ubuntu0.6
8e3532ffb09e0f8fa4614128039df1b6e89e51c535018d789dca4b763c717030 libexpat1-dev_2.6.1-2ubuntu0.6_arm64.deb libexpat1-dev 2.6.1-2ubuntu0.6
887755d6aa91c12ee0eb3404b61f6dc138c4c59234aa2add0264baf270337708 libffi-dev_3.4.6-1build1_arm64.deb libffi-dev 3.4.6-1build1
782307ad68ea4937b86bb3b173dd97625efb45999be268ac06e3e3b810203abb libfontconfig-dev_2.15.0-1.1ubuntu2_arm64.deb libfontconfig-dev 2.15.0-1.1ubuntu2
4df2aefa7395140499033b339a96164925f1fd3039df52669b87acb6bec20f19 libfontconfig1_2.15.0-1.1ubuntu2_arm64.deb libfontconfig1 2.15.0-1.1ubuntu2
970cf8ead30840431e45a97c137d30a2523d225afe14b579d18bc7b73cf2f16a libfreetype-dev_2.13.2+dfsg-1ubuntu0.1_arm64.deb libfreetype-dev 2.13.2+dfsg-1ubuntu0.1
a41ee5280270103097368bedf4b5f34a59ec93b1017b501ef6744d2c5c74d6e8 libfreetype6_2.13.2+dfsg-1ubuntu0.1_arm64.deb libfreetype6 2.13.2+dfsg-1ubuntu0.1
609a9410d9a1f25a1cb7847de92ee9f438336a0a3a82d282c3686f52ddd61526 libgcc-13-dev_13.3.0-6ubuntu2~24.04.1_arm64.deb libgcc-13-dev 13.3.0-6ubuntu2~24.04.1
ede640847b0ad2c9599145a0f7b4be9cdf470a253528237cfbb110300cfab264 libgcrypt20-dev_1.10.3-2ubuntu0.2_arm64.deb libgcrypt20-dev 1.10.3-2ubuntu0.2
dbb8fbc690e70f41e1f32e78b11ff3d05694e073042d64f787451058e376fd20 libgirepository-2.0-0_2.80.0-6ubuntu3.9_arm64.deb libgirepository-2.0-0 2.80.0-6ubuntu3.9
e8ed0414ac46a406c7b8c18b28572075dcc6807b1cfc48fa88198c0db0a7dcf9 libglib2.0-0t64_2.80.0-6ubuntu3.9_arm64.deb libglib2.0-0t64 2.80.0-6ubuntu3.9
3470c1a342b45ac3241640f139f6467ec36e327b7c98cdaa0c35fbf814579c0b libglib2.0-bin_2.80.0-6ubuntu3.9_arm64.deb libglib2.0-bin 2.80.0-6ubuntu3.9
87b6c824ce057baed1144474640e083f167096453393f93727f8d3a1d75a2707 libglib2.0-data_2.80.0-6ubuntu3.9_all.deb libglib2.0-data 2.80.0-6ubuntu3.9
b943e43170f01f21f264b52a6f9c240c24f0eb4ffdb7e939f7f126813bfeee34 libglib2.0-dev_2.80.0-6ubuntu3.9_arm64.deb libglib2.0-dev 2.80.0-6ubuntu3.9
08a3c19bd31e66a508ae7d913f2ef30ceb6afdd8c6e9f16cd4f4e92f830bbab4 libglib2.0-dev-bin_2.80.0-6ubuntu3.9_arm64.deb libglib2.0-dev-bin 2.80.0-6ubuntu3.9
f69fec9640bd3a21d1346aa15867b6f7c66a426a15ff902d29e5fb07e7844294 libgmp-dev_2%3a6.3.0+dfsg-2ubuntu6.1_arm64.deb libgmp-dev 2:6.3.0+dfsg-2ubuntu6.1
cc9d360bb4da7eae45c9e07dcd0998110017b8f06aada3c64b5222d04283c10b libgmpxx4ldbl_2%3a6.3.0+dfsg-2ubuntu6.1_arm64.deb libgmpxx4ldbl 2:6.3.0+dfsg-2ubuntu6.1
35209a8628bf736c0c24fe847e13fe7dbf8876581b2f9ae752934e535f7d893a libgnutls-dane0t64_3.8.3-1.1ubuntu3.6_arm64.deb libgnutls-dane0t64 3.8.3-1.1ubuntu3.6
ee1e2443589ac38239112b8d75b6d117db78271bf14a0e05fd6a4d41813f6636 libgnutls-openssl27t64_3.8.3-1.1ubuntu3.6_arm64.deb libgnutls-openssl27t64 3.8.3-1.1ubuntu3.6
cc11b1d9ce8c065ef822f893c6dbb83348cb8b18510842b1379951f642ff1dfb libgnutls28-dev_3.8.3-1.1ubuntu3.6_arm64.deb libgnutls28-dev 3.8.3-1.1ubuntu3.6
cd49d2e8834d41a6618f097b678980defeebc47271bc7c5aa8ea2c2f1a53b7a6 libgomp1_14.2.0-4ubuntu2~24.04.1_arm64.deb libgomp1 14.2.0-4ubuntu2~24.04.1
8fca4382349727c042e722db7e293678e6d2b7b05c1bb1bbf423afa553e3b25c libgpg-error-dev_1.47-3build2.1_arm64.deb libgpg-error-dev 1.47-3build2.1
ee37f8539eab25c43bd622589932006c6ba90d44e2b7442325fc237f01a3ab5b libgprofng0_2.42-4ubuntu2.10_arm64.deb libgprofng0 2.42-4ubuntu2.10
44851293eede488ad89fd12db1bd8bfcb2b732f68ad4c13b83d6e0ce5d7b4bfa libhwasan0_14.2.0-4ubuntu2~24.04.1_arm64.deb libhwasan0 14.2.0-4ubuntu2~24.04.1
1f3747cb43d1129dd87b1f2cbbd9014aedf536edec719a84712e9c266e897c62 libice-dev_2%3a1.0.10-1build3_arm64.deb libice-dev 2:1.0.10-1build3
6e619ba1611f8733aac8fa6ac2cec2af9348e679db381f64c01a8856c67af511 libice6_2%3a1.0.10-1build3_arm64.deb libice6 2:1.0.10-1build3
cd604a6a78b211b7101398438892d4c4cfe9e5fbfafa451d6cfc911399a37c4a libidn2-dev_2.3.7-2build1.1_arm64.deb libidn2-dev 2.3.7-2build1.1
250bff60f1405c2fa7cd8cdd839f83105c7fec9b42ed6cb5f62e1bcda709bbc2 libisl23_0.26-3build1.1_arm64.deb libisl23 0.26-3build1.1
7f7d7c5a26888e5e34eb62a193762eb6a8d5805c5d6f22248f638193d1804993 libitm1_14.2.0-4ubuntu2~24.04.1_arm64.deb libitm1 14.2.0-4ubuntu2~24.04.1
a9d513eae76f4efb1c7370413bd21634fcfc0955e103d26af95f298af6c90abd libjansson4_2.14-2build2_arm64.deb libjansson4 2.14-2build2
119ddd97c19d970c5e21b97cff353afef138b05f1a3bd9e2c01b814dd193adce libjpeg-turbo8_2.1.5-2ubuntu2_arm64.deb libjpeg-turbo8 2.1.5-2ubuntu2
5c54206783086e80d6b1962e8e6ad95666126ddddd532d5dfcca1bfd35c54189 libjpeg-turbo8-dev_2.1.5-2ubuntu2_arm64.deb libjpeg-turbo8-dev 2.1.5-2ubuntu2
6b4bc8f09e565284f72c99bb8f37365b6a49843f80b64bd2b0755ea0622523a4 libjpeg8_8c-2ubuntu11_arm64.deb libjpeg8 8c-2ubuntu11
21bb80325192b0cce6ccd041a8d823609c5e656bdda43368db6cdfe501593188 liblsan0_14.2.0-4ubuntu2~24.04.1_arm64.deb liblsan0 14.2.0-4ubuntu2~24.04.1
f7ab7f7248e47d20535cec8321c03df0b76a7c19f5f3151b01b1d42d363592df liblzo2-2_2.10-2build4_arm64.deb liblzo2-2 2.10-2build4
4d3bd2295a613571d4ec9a14a575da985d1e1741fcaf0ac653806aa06ab016d8 liblzo2-dev_2.10-2build4_arm64.deb liblzo2-dev 2.10-2build4
63fc29c62e07d0880e46f6b9453e39e97fa80d133c0688206e6e00b84726ab94 libmagic-mgc_1%3a5.45-3build1_arm64.deb libmagic-mgc 1:5.45-3build1
cf7bba0fb21b38ea2454362d211b83a26da2528e36d90c72390fd5eb43168019 libmagic1t64_1%3a5.45-3build1_arm64.deb libmagic1t64 1:5.45-3build1
31c4b0a1554ac414b035fbe4e57cb3562fe4cc79d386cfc337e2ad8189cf0db3 libmount-dev_2.39.3-9ubuntu6.6_arm64.deb libmount-dev 2.39.3-9ubuntu6.6
efc4a44fb7382db33bf3adbfd0058201fd73d0e56fd48662d653e9a93f6139da libmpc3_1.3.1-1build1.1_arm64.deb libmpc3 1.3.1-1build1.1
83517e4377082a35dcce66ec5310881a848486279f64d737919d1819b7884201 libmpfr6_4.2.1-1build1.1_arm64.deb libmpfr6 4.2.1-1build1.1
03e5ae15232f734bebbca72cb16f39532d3ef685ad82b3c3b3c8408f5050ac4c libossp-uuid-dev_1.6.2-1.5build13_arm64.deb libossp-uuid-dev 1.6.2-1.5build13
2e039dcfa7b4ccebfe060bcb8cefd35e65c5a2dd680f8c4bdb75c1fa81bc4f2c libossp-uuid16_1.6.2-1.5build13_arm64.deb libossp-uuid16 1.6.2-1.5build13
c5ae679705f2871b64a890a06419438b58e372a3dd0c1bae787a2bfcb9c9e313 libp11-kit-dev_0.25.3-4ubuntu2.2_arm64.deb libp11-kit-dev 0.25.3-4ubuntu2.2
7107acef45dfa3f29764b8b2be6826bfc3c0fb5de067f21280112bb475cb3a99 libpcre2-16-0_10.42-4ubuntu2.1_arm64.deb libpcre2-16-0 10.42-4ubuntu2.1
5b2047f3fc4acdcd96b5d471e5d398cb4adec487bd0bced68da210881d8f4bc7 libpcre2-32-0_10.42-4ubuntu2.1_arm64.deb libpcre2-32-0 10.42-4ubuntu2.1
7a7701e6c1224666b7fbd4cacface20ad80dd9c3345ccdcf7ee56fb0babe9ffe libpcre2-dev_10.42-4ubuntu2.1_arm64.deb libpcre2-dev 10.42-4ubuntu2.1
9693e4d1fc627de71072b3c902cb95fa1bc0676c775cc875725aeffa7d512e38 libpcre2-posix3_10.42-4ubuntu2.1_arm64.deb libpcre2-posix3 10.42-4ubuntu2.1
81065c180e30302950a1bd39428d335797126ef89dc2922f89216678720d4eca libpixman-1-0_0.42.2-1build1_arm64.deb libpixman-1-0 0.42.2-1build1
019acc35083e9e3fde9fe69710bdebbec8927dc2c4870b812ec5194550da7634 libpixman-1-dev_0.42.2-1build1_arm64.deb libpixman-1-dev 0.42.2-1build1
f476cb81e1ecec6bf974f21181469cf5edcc749c4ead621469cdbf584dfd3be8 libpkgconf3_1.8.1-2build1_arm64.deb libpkgconf3 1.8.1-2build1
70444ec57499bd734f5a1055c403c799eb97cdc62311e08242920c21a3690593 libpng-dev_1.6.43-5ubuntu0.6_arm64.deb libpng-dev 1.6.43-5ubuntu0.6
b3a2d45003e9022a54b5ca490a77929b41f7dc477afd6e7b0764f1a0d04d4b4b libpng16-16t64_1.6.43-5ubuntu0.6_arm64.deb libpng16-16t64 1.6.43-5ubuntu0.6
c96f81b92c2ae0a40513b57df70926746165c600aaa65ae4754a0af246b52567 libpthread-stubs0-dev_0.4-1build3_arm64.deb libpthread-stubs0-dev 0.4-1build3
b6bd0a5e6fa11f2bae6da48707abe6b8245412cbf34e376cb3b9af0968b7122a libpython3-stdlib_3.12.3-0ubuntu2.1_arm64.deb libpython3-stdlib 3.12.3-0ubuntu2.1
11790e3fc5deb4867c7fb762aa5f4f710093501f62b60ef16dd427ea2495bcc6 libpython3.12-minimal_3.12.3-1ubuntu0.17_arm64.deb libpython3.12-minimal 3.12.3-1ubuntu0.17
b9462bf2f55bfffaf304a597c7964354e0d49ab20eed028f55f7183f2210581e libpython3.12-stdlib_3.12.3-1ubuntu0.17_arm64.deb libpython3.12-stdlib 3.12.3-1ubuntu0.17
7f46b2f3ca588cd2f05d2cfb6844017309760b4201105cdfda4b339f9e6c69da libreadline8t64_8.2-4build1_arm64.deb libreadline8t64 8.2-4build1
05da24adf2b95285ce7eaf9a2ea902fbf4f756a796c8adbfd221d746035df44b libsasl2-2_2.1.28+dfsg1-5ubuntu3.1_arm64.deb libsasl2-2 2.1.28+dfsg1-5ubuntu3.1
f20a31780c6dfac593b0a9c3b12d241a3789221a3c85b90f6abcabc4c4fd994d libsasl2-dev_2.1.28+dfsg1-5ubuntu3.1_arm64.deb libsasl2-dev 2.1.28+dfsg1-5ubuntu3.1
ee8237dfd0d26df4d5fbfd3a9b132ae9f34f05b4508176b8bd1839f12739d94c libsasl2-modules-db_2.1.28+dfsg1-5ubuntu3.1_arm64.deb libsasl2-modules-db 2.1.28+dfsg1-5ubuntu3.1
91a5fbaed73a74f19bf441254d0b1850b0736deeec5c0ef7bfb73e2606d87221 libselinux1-dev_3.5-2ubuntu2.1_arm64.deb libselinux1-dev 3.5-2ubuntu2.1
a683217cd059d5989b9e89b2f740ec546f92d6e11ac52457657d8598717fa60b libsepol-dev_3.5-2build1_arm64.deb libsepol-dev 3.5-2build1
4e2ef8c92da324c7f8e8f055c8c698e37c93b886602766e7e72ac178835c9a31 libsframe1_2.42-4ubuntu2.10_arm64.deb libsframe1 2.42-4ubuntu2.10
1c40e67a85b9f028ca73004df2560709d705f295b5dc11d05ad00126f3c18bb1 libsharpyuv-dev_1.3.2-0.4build3_arm64.deb libsharpyuv-dev 1.3.2-0.4build3
6c43a11b85602d88ab1886c9e703a9f1667e159f686ffd7ec510914771bce03f libsharpyuv0_1.3.2-0.4build3_arm64.deb libsharpyuv0 1.3.2-0.4build3
1653f6c80e5a801333ce40fa896ae9795063f0e4251bb53d0ef1a768e3e28647 libsm-dev_2%3a1.2.3-1build3_arm64.deb libsm-dev 2:1.2.3-1build3
4740e3b3c9584aedc8639c47307333f4eff0906a07f3e4b37f825c5202a65926 libsm6_2%3a1.2.3-1build3_arm64.deb libsm6 2:1.2.3-1build3
85925089ef6820a5b6ed80bb490d187465e49687c388333895680fda54e3ee06 libsqlite3-0_3.45.1-1ubuntu2.8_arm64.deb libsqlite3-0 3.45.1-1ubuntu2.8
a5026a035b9461fa9783e26a027f8c91bad7606ef0eeb7250382a532308bf61d libssl-dev_3.0.13-0ubuntu3.16_arm64.deb libssl-dev 3.0.13-0ubuntu3.16
8b2dff5ee02f3e1eaaf8106ff372c5ba61b88ee57b7658e163a2de0b90b4956e libssl3t64_3.0.13-0ubuntu3.16_arm64.deb libssl3t64 3.0.13-0ubuntu3.16
b0b749613dfa8dc203561910c8e93f648071b89d2ac6a61c613df991e2eb6a99 libtasn1-6-dev_4.19.0-3ubuntu0.24.04.2_arm64.deb libtasn1-6-dev 4.19.0-3ubuntu0.24.04.2
9d1d707179675d38e024bb13613b1d99e0d33fa6c45e5f3bcba19340781781d3 libtool_2.4.7-7build1_all.deb libtool 2.4.7-7build1
00beb501f4979c7fd3a978b52a489ea7dbfc1203e5c56936e4c0ea5c2032fb3d libtsan2_14.2.0-4ubuntu2~24.04.1_arm64.deb libtsan2 14.2.0-4ubuntu2~24.04.1
a5b4383f70f41cd949315c89e99e6416a0ee48037f7c5ea6b33f88f3c733757a libubsan1_14.2.0-4ubuntu2~24.04.1_arm64.deb libubsan1 14.2.0-4ubuntu2~24.04.1
779ae77a92c215d9ead0add23cb413bf21b13da5b85899e47a1c080446a8d77a libunbound8_1.19.2-1ubuntu3.9_arm64.deb libunbound8 1.19.2-1ubuntu3.9
93338d23947d93b80789b82ca286c76d5d49bc660fbdd5f5dc3b350ac8f02730 libvncclient1_0.9.14+dfsg-1ubuntu0.2_arm64.deb libvncclient1 0.9.14+dfsg-1ubuntu0.2
cfe74ed2b57189b1bedd462a0ec5716f4b4f594f20f2ff6641a0f8f72cfdde2c libvncserver-dev_0.9.14+dfsg-1ubuntu0.2_arm64.deb libvncserver-dev 0.9.14+dfsg-1ubuntu0.2
fe8c8fa37e4b8d3b830b2f435f8669bb330a0a5fd81940d8cc72368c99763261 libvncserver1_0.9.14+dfsg-1ubuntu0.2_arm64.deb libvncserver1 0.9.14+dfsg-1ubuntu0.2
2eb368f974b4fda1301213737cdbe7bb53d33a8e8f2eb1ed42fbf972a9c04f4f libwebp-dev_1.3.2-0.4build3_arm64.deb libwebp-dev 1.3.2-0.4build3
528e8ceaeb592c368288a78255bb6eb257d94a4b0dec4187b594537cdfee96aa libwebp7_1.3.2-0.4build3_arm64.deb libwebp7 1.3.2-0.4build3
eb35b9d94631a2eaa5701c032a8c4f3bdba04023141f594f9536fa62408311e2 libwebpdecoder3_1.3.2-0.4build3_arm64.deb libwebpdecoder3 1.3.2-0.4build3
234d050c6710e104ce91cf4f6dead4d61cee0c03af2e494d50af0a2f05908333 libwebpdemux2_1.3.2-0.4build3_arm64.deb libwebpdemux2 1.3.2-0.4build3
9bbb0b872fc59f84609b1a0cba524b13b401689c1ceaa93fb3edb47eb1d0439e libwebpmux3_1.3.2-0.4build3_arm64.deb libwebpmux3 1.3.2-0.4build3
16d10ae5d27f1a0feb054001ff2b213b51acd29894f86ff088c31eebeba65fe3 libx11-6_2%3a1.8.7-1build1_arm64.deb libx11-6 2:1.8.7-1build1
9ae01f7747e7f479394c697c55acf11d3baf139e8e54b7c4adfb55ef9c50de08 libx11-data_2%3a1.8.7-1build1_all.deb libx11-data 2:1.8.7-1build1
69b028d3917aae9fb44b2c56aa94739c7a1711afd3c86ccc7117dbf63a91c3c3 libx11-dev_2%3a1.8.7-1build1_arm64.deb libx11-dev 2:1.8.7-1build1
246ffb5b49c3d26b243fe4ce18777815484112c64f167ef37cf48b805a6a4ca2 libxau-dev_1%3a1.0.9-1build6_arm64.deb libxau-dev 1:1.0.9-1build6
348d0732ff9571f95d6ff18373a93e827bfe00474d792ef5e9071e6dd618605c libxau6_1%3a1.0.9-1build6_arm64.deb libxau6 1:1.0.9-1build6
de6dafb552bab55a848b4017087eb0d9ce25fc0e1fd083a4fca5f71de9058934 libxcb-render0_1.15-1ubuntu2_arm64.deb libxcb-render0 1.15-1ubuntu2
0923bf6c1732fd50111defba1f4cb434af611ee7c9543c828ea6cc7b0ce661f2 libxcb-render0-dev_1.15-1ubuntu2_arm64.deb libxcb-render0-dev 1.15-1ubuntu2
1d3f59159910a43ec798a0bf467ca2f78d1f9e1351ac04fb8d3db8469d4a516c libxcb-shm0_1.15-1ubuntu2_arm64.deb libxcb-shm0 1.15-1ubuntu2
3a90523bfffd1c72f4f369c70fc57c0aac9fba37fa4c408ec6a376a2d93f3cd5 libxcb-shm0-dev_1.15-1ubuntu2_arm64.deb libxcb-shm0-dev 1.15-1ubuntu2
5483e5d19bbfa28e961d951645944e7763e943262ac17e216b2870d83597f319 libxcb1_1.15-1ubuntu2_arm64.deb libxcb1 1.15-1ubuntu2
10f2f12652c1825df1158c80ce3715c2cf48eddb0d3a102191b0c5974a15bc1d libxcb1-dev_1.15-1ubuntu2_arm64.deb libxcb1-dev 1.15-1ubuntu2
dcbc325116fd8c91188a7dc7118dbfe8948ef349f337fbcc1a57e97d42139ac5 libxdmcp-dev_1%3a1.1.3-0ubuntu6_arm64.deb libxdmcp-dev 1:1.1.3-0ubuntu6
6b96dbbae4e515ac8f32d6dacfcb6afd1266118400a85ae7cb3f887895017f53 libxdmcp6_1%3a1.1.3-0ubuntu6_arm64.deb libxdmcp6 1:1.1.3-0ubuntu6
570434025b9ec5d99f72acee82c35d46e4f576c5034a802270d06794574ea0ff libxext-dev_2%3a1.3.4-1build2_arm64.deb libxext-dev 2:1.3.4-1build2
1140abacd8d23cb83cc63fb9aebb15a201e2dddbf5ca79fd999c0cbd181d0088 libxext6_2%3a1.3.4-1build2_arm64.deb libxext6 2:1.3.4-1build2
74a00e089f4d16c9de451dbf87a987cd0322ebef3ee89b2cf1f8c06bec5ebf2f libxrender-dev_1%3a0.9.10-1.1build1_arm64.deb libxrender-dev 1:0.9.10-1.1build1
0a3aedab15d9b0d7a74b0b043676f0caacc104f188be16a008196dbc20e9e2e2 libxrender1_1%3a0.9.10-1.1build1_arm64.deb libxrender1 1:0.9.10-1.1build1
74fcf7c8214ddd7f16698f8416c9ff2397a7c50b181d9aac2a60444c3a18c890 linux-libc-dev_6.8.0-146.146_arm64.deb linux-libc-dev 6.8.0-146.146
3bbbf5d426bc68fc232fc4e20f135aaf3eb76a514839acf82eeffa0dce9c81d4 make_4.3-4.1build2_arm64.deb make 4.3-4.1build2
31bfb7eec55ab6d34a50ba995150e1498d4cb897714085d8025e330d3b529747 media-types_10.1.0_all.deb media-types 10.1.0
8cdbc9c3dca01e660759bf9d840f72e45ac72faf5d19ca1faecacaf6a60c1a87 netbase_6.4_all.deb netbase 6.4
53923d40d33d39d7630b89be390d70361480b48b5b1ae1518438b3e732118358 nettle-dev_3.9.1-2.2build1.1_arm64.deb nettle-dev 3.9.1-2.2build1.1
07fa666e2dfe758e5c4e19ccc695a19e8a56fb512fa55bd7de89219a1e65d372 openssl_3.0.13-0ubuntu3.16_arm64.deb openssl 3.0.13-0ubuntu3.16
460d166c529651438347548fc1b2731440ce52c2643f678ec993a29dce5a3647 pkg-config_1.8.1-2build1_arm64.deb pkg-config 1.8.1-2build1
818ac3b4ae09f3747098872c7d5a9e387118798155b0107bb1625c2ab675664b pkgconf_1.8.1-2build1_arm64.deb pkgconf 1.8.1-2build1
bcd0d24c48b8b73ed7ba20ffc21a3575d5d9bdd53c3cee5a8051b7bde5fbf638 pkgconf-bin_1.8.1-2build1_arm64.deb pkgconf-bin 1.8.1-2build1
ea792b91e0fc9e249b96b960d14e04a8b7107029988546e8dd3511b74a693a6c python3_3.12.3-0ubuntu2.1_arm64.deb python3 3.12.3-0ubuntu2.1
883f362e7ea23d3de5483c0b5c31774f75897cc46d34840371b5fe7a0cc3a83c python3-minimal_3.12.3-0ubuntu2.1_arm64.deb python3-minimal 3.12.3-0ubuntu2.1
decc936e9512c2de78fcf9e8d8459ce58952c40bf8bd1f06e62556d7fe887db6 python3-packaging_24.0-1_all.deb python3-packaging 24.0-1
4dcc676815989c3d32ef43f8b98d37ecfd60cff8a47022152120246f21903cf0 python3.12_3.12.3-1ubuntu0.17_arm64.deb python3.12 3.12.3-1ubuntu0.17
be39fa8380f1e65fc02701cdbc8652acd924d8576b4ba1bd772141040a22b15f python3.12-minimal_3.12.3-1ubuntu0.17_arm64.deb python3.12-minimal 3.12.3-1ubuntu0.17
879bfd7f8a9bc4c0f7cdc777cdd8bc6de5f8c4a2ac80c060322a1b22f13504bb readline-common_8.2-4build1_all.deb readline-common 8.2-4build1
ae527152fc2bf9c1a645c2620d802b0849db32c8aa48328b4ae94c59cc57bcc9 rpcsvc-proto_1.4.2-0ubuntu7_arm64.deb rpcsvc-proto 1.4.2-0ubuntu7
ef12c9ef81905b5ac558504b2f8c20da9be5f28861020b3fb5e8b15fb3fae2f6 tzdata_2026c-0ubuntu0.24.04.1_all.deb tzdata 2026c-0ubuntu0.24.04.1
ec784dd46511ee35dbeded42158453325a076ab0934f80c140b5b2af17e23bb3 uuid-dev_2.39.3-9ubuntu6.6_arm64.deb uuid-dev 2.39.3-9ubuntu6.6
b545fa5196dd7467ba3770d6ce575abcd7941071961ea9f7535a319d9d20fd46 x11-common_1%3a7.7+23ubuntu3_all.deb x11-common 1:7.7+23ubuntu3
d7c8cbeb485a45ca6e5486b46df7a5ead737440954ae4489866222101ac2f0d7 x11proto-core-dev_2023.2-1_all.deb x11proto-core-dev 2023.2-1
3bf13a2ffb79ecd4014d438936014e5863f79eb59ebf76e8f43356271c90e7ce x11proto-dev_2023.2-1_all.deb x11proto-dev 2023.2-1
277f662c6d94606c22078f2af82ac1b6e01386d5a4dec6ca7487bca4c5b23c07 xorg-sgml-doctools_1%3a1.11-1.1_all.deb xorg-sgml-doctools 1:1.11-1.1
45277c51d5d83db351b61859314b59595c9626ac372fbb2fc0d5542e169d9086 xtrans-dev_1.4.0-1_all.deb xtrans-dev 1.4.0-1
de750f2515144715015e792c391bfa2ab4a926db6c370ba519af576bb3f131b5 zlib1g-dev_1%3a1.3.dfsg-3.1ubuntu2.2_arm64.deb zlib1g-dev 1:1.3.dfsg-3.1ubuntu2.2
