6bac2a01979e210d9eac1d4d56747ec709ea60654744d66705dc3c36e7629e50 ca-certificates_20260601~24.04.1_all.deb ca-certificates 20260601~24.04.1
86ea76c38d2168989fbcf22792ca1e786643a971ffb87248ca9dfcf0c3c7d1e1 fontconfig-config_2.15.0-1.1ubuntu2_arm64.deb fontconfig-config 2.15.0-1.1ubuntu2
40049660c194f3b8a2541fc7369efebb10e9f94bdac836a2f38fafedd10fa73a fonts-dejavu-core_2.37-8_all.deb fonts-dejavu-core 2.37-8
8a599d6553307db7ecb795d2f0e5a301e03234afc75c7358b0ba43466454c89a fonts-dejavu-mono_2.37-8_all.deb fonts-dejavu-mono 2.37-8
cabf3462d908e72f2e594f19ae87c581c4614f099947e38fbd865bf8eae27014 libbrotli1_1.1.0-2build2_arm64.deb libbrotli1 1.1.0-2build2
cdf9ff601244e64482584d9d9b98aa54a573c081ab5956227c737307196c1ce3 libbsd0_0.12.1-1build1.1_arm64.deb libbsd0 0.12.1-1build1.1
d7820deae45510a3ca1c1f6e32baa2e8b12a234a410d185e42e75e9dd5fcd6da libcairo2_1.18.0-3build1_arm64.deb libcairo2 1.18.0-3build1
9782206e359ccd50dd5686c2fd5182ed87c777a6d76b0269e38e89dbaac9f3b2 libexpat1_2.6.1-2ubuntu0.6_arm64.deb libexpat1 2.6.1-2ubuntu0.6
4df2aefa7395140499033b339a96164925f1fd3039df52669b87acb6bec20f19 libfontconfig1_2.15.0-1.1ubuntu2_arm64.deb libfontconfig1 2.15.0-1.1ubuntu2
a41ee5280270103097368bedf4b5f34a59ec93b1017b501ef6744d2c5c74d6e8 libfreetype6_2.13.2+dfsg-1ubuntu0.1_arm64.deb libfreetype6 2.13.2+dfsg-1ubuntu0.1
119ddd97c19d970c5e21b97cff353afef138b05f1a3bd9e2c01b814dd193adce libjpeg-turbo8_2.1.5-2ubuntu2_arm64.deb libjpeg-turbo8 2.1.5-2ubuntu2
6b4bc8f09e565284f72c99bb8f37365b6a49843f80b64bd2b0755ea0622523a4 libjpeg8_8c-2ubuntu11_arm64.deb libjpeg8 8c-2ubuntu11
f7ab7f7248e47d20535cec8321c03df0b76a7c19f5f3151b01b1d42d363592df liblzo2-2_2.10-2build4_arm64.deb liblzo2-2 2.10-2build4
2e039dcfa7b4ccebfe060bcb8cefd35e65c5a2dd680f8c4bdb75c1fa81bc4f2c libossp-uuid16_1.6.2-1.5build13_arm64.deb libossp-uuid16 1.6.2-1.5build13
81065c180e30302950a1bd39428d335797126ef89dc2922f89216678720d4eca libpixman-1-0_0.42.2-1build1_arm64.deb libpixman-1-0 0.42.2-1build1
b3a2d45003e9022a54b5ca490a77929b41f7dc477afd6e7b0764f1a0d04d4b4b libpng16-16t64_1.6.43-5ubuntu0.6_arm64.deb libpng16-16t64 1.6.43-5ubuntu0.6
05da24adf2b95285ce7eaf9a2ea902fbf4f756a796c8adbfd221d746035df44b libsasl2-2_2.1.28+dfsg1-5ubuntu3.1_arm64.deb libsasl2-2 2.1.28+dfsg1-5ubuntu3.1
ee8237dfd0d26df4d5fbfd3a9b132ae9f34f05b4508176b8bd1839f12739d94c libsasl2-modules-db_2.1.28+dfsg1-5ubuntu3.1_arm64.deb libsasl2-modules-db 2.1.28+dfsg1-5ubuntu3.1
6c43a11b85602d88ab1886c9e703a9f1667e159f686ffd7ec510914771bce03f libsharpyuv0_1.3.2-0.4build3_arm64.deb libsharpyuv0 1.3.2-0.4build3
8b2dff5ee02f3e1eaaf8106ff372c5ba61b88ee57b7658e163a2de0b90b4956e libssl3t64_3.0.13-0ubuntu3.16_arm64.deb libssl3t64 3.0.13-0ubuntu3.16
93338d23947d93b80789b82ca286c76d5d49bc660fbdd5f5dc3b350ac8f02730 libvncclient1_0.9.14+dfsg-1ubuntu0.2_arm64.deb libvncclient1 0.9.14+dfsg-1ubuntu0.2
528e8ceaeb592c368288a78255bb6eb257d94a4b0dec4187b594537cdfee96aa libwebp7_1.3.2-0.4build3_arm64.deb libwebp7 1.3.2-0.4build3
16d10ae5d27f1a0feb054001ff2b213b51acd29894f86ff088c31eebeba65fe3 libx11-6_2%3a1.8.7-1build1_arm64.deb libx11-6 2:1.8.7-1build1
9ae01f7747e7f479394c697c55acf11d3baf139e8e54b7c4adfb55ef9c50de08 libx11-data_2%3a1.8.7-1build1_all.deb libx11-data 2:1.8.7-1build1
348d0732ff9571f95d6ff18373a93e827bfe00474d792ef5e9071e6dd618605c libxau6_1%3a1.0.9-1build6_arm64.deb libxau6 1:1.0.9-1build6
de6dafb552bab55a848b4017087eb0d9ce25fc0e1fd083a4fca5f71de9058934 libxcb-render0_1.15-1ubuntu2_arm64.deb libxcb-render0 1.15-1ubuntu2
1d3f59159910a43ec798a0bf467ca2f78d1f9e1351ac04fb8d3db8469d4a516c libxcb-shm0_1.15-1ubuntu2_arm64.deb libxcb-shm0 1.15-1ubuntu2
5483e5d19bbfa28e961d951645944e7763e943262ac17e216b2870d83597f319 libxcb1_1.15-1ubuntu2_arm64.deb libxcb1 1.15-1ubuntu2
6b96dbbae4e515ac8f32d6dacfcb6afd1266118400a85ae7cb3f887895017f53 libxdmcp6_1%3a1.1.3-0ubuntu6_arm64.deb libxdmcp6 1:1.1.3-0ubuntu6
1140abacd8d23cb83cc63fb9aebb15a201e2dddbf5ca79fd999c0cbd181d0088 libxext6_2%3a1.3.4-1build2_arm64.deb libxext6 2:1.3.4-1build2
0a3aedab15d9b0d7a74b0b043676f0caacc104f188be16a008196dbc20e9e2e2 libxrender1_1%3a0.9.10-1.1build1_arm64.deb libxrender1 1:0.9.10-1.1build1
07fa666e2dfe758e5c4e19ccc695a19e8a56fb512fa55bd7de89219a1e65d372 openssl_3.0.13-0ubuntu3.16_arm64.deb openssl 3.0.13-0ubuntu3.16
